schema: '2.0'
stages:
  prepare:
    cmd: python3 src/prepare.py
    deps:
    - path: params.yaml
      hash: md5
      md5: 82c54104e4987083f760baab0228f243
      size: 150
    - path: src/prepare.py
      hash: md5
      md5: f8e2b5944c5fc8d16b6682368fc0ee95
      size: 1002
    outs:
    - path: data/X_test.npy
      hash: md5
      md5: f66b335b58ef26a9bd1a73a9c23ff1a2
      size: 40128
    - path: data/X_train.npy
      hash: md5
      md5: de424805bfe570afec7196b4abb7c27f
      size: 120128
    - path: data/y_test.npy
      hash: md5
      md5: fdf3fb32610e84ad840dbb8ddb09d80b
      size: 2128
    - path: data/y_train.npy
      hash: md5
      md5: 93648f48ee5bf4a662524f35196b4dab
      size: 6128
  train:
    cmd: python3 src/train.py
    deps:
    - path: data/X_train.npy
      hash: md5
      md5: de424805bfe570afec7196b4abb7c27f
      size: 120128
    - path: data/y_train.npy
      hash: md5
      md5: 93648f48ee5bf4a662524f35196b4dab
      size: 6128
    - path: params.yaml
      hash: md5
      md5: 82c54104e4987083f760baab0228f243
      size: 150
    - path: src/train.py
      hash: md5
      md5: 5f418e60954219bc54cf16ea66ce433a
      size: 906
    outs:
    - path: models/model.joblib
      hash: md5
      md5: 9f56e82339582c4e657c4411f42f134b
      size: 575497
  evaluate:
    cmd: python3 src/evaluate.py
    deps:
    - path: data/X_test.npy
      hash: md5
      md5: f66b335b58ef26a9bd1a73a9c23ff1a2
      size: 40128
    - path: data/y_test.npy
      hash: md5
      md5: fdf3fb32610e84ad840dbb8ddb09d80b
      size: 2128
    - path: models/model.joblib
      hash: md5
      md5: 9f56e82339582c4e657c4411f42f134b
      size: 575497
    - path: src/evaluate.py
      hash: md5
      md5: 100792199346612baecf366e5a06627e
      size: 825
    outs:
    - path: metrics.json
      hash: md5
      md5: 6ad18d2f2035936d87e5cd48182f14d4
      size: 42
